// !$*UTF8*$!
{
	archiveVersion = 1;
	classes = {
	};
	objectVersion = 46;
	objects = {

/* Begin PBXBuildFile section */
		84597B1E1DBD488F00ED3E00 /* AppDelegate.swift in Sources */ = {isa = PBXBuildFile; fileRef = 84597B1D1DBD488F00ED3E00 /* AppDelegate.swift */; };
		84597B201DBD488F00ED3E00 /* ViewController.swift in Sources */ = {isa = PBXBuildFile; fileRef = 84597B1F1DBD488F00ED3E00 /* ViewController.swift */; };
		84597B231DBD488F00ED3E00 /* Main.storyboard in Resources */ = {isa = PBXBuildFile; fileRef = 84597B211DBD488F00ED3E00 /* Main.storyboard */; };
		84597B251DBD489000ED3E00 /* Assets.xcassets in Resources */ = {isa = PBXBuildFile; fileRef = 84597B241DBD489000ED3E00 /* Assets.xcassets */; };
		84597B281DBD489000ED3E00 /* LaunchScreen.storyboard in Resources */ = {isa = PBXBuildFile; fileRef = 84597B261DBD489000ED3E00 /* LaunchScreen.storyboard */; };
		84597B331DBD489000ED3E00 /* Esther_CalculatorAppTests.swift in Sources */ = {isa = PBXBuildFile; fileRef = 84597B321DBD489000ED3E00 /* Esther_CalculatorAppTests.swift */; };
		84597B3E1DBD489000ED3E00 /* Esther_CalculatorAppUITests.swift in Sources */ = {isa = PBXBuildFile; fileRef = 84597B3D1DBD489000ED3E00 /* Esther_CalculatorAppUITests.swift */; };
		84999B791DC00FDB000F2B98 /* apple.png in Resources */ = {isa = PBXBuildFile; fileRef = 84999B781DC00FDB000F2B98 /* apple.png */; };
		84999B891DC00FEF000F2B98 /* number0.png in Resources */ = {isa = PBXBuildFile; fileRef = 84999B7A1DC00FEF000F2B98 /* number0.png */; };
		84999B8A1DC00FEF000F2B98 /* number1.png in Resources */ = {isa = PBXBuildFile; fileRef = 84999B7B1DC00FEF000F2B98 /* number1.png */; };
		84999B8B1DC00FEF000F2B98 /* number2.png in Resources */ = {isa = PBXBuildFile; fileRef = 84999B7C1DC00FEF000F2B98 /* number2.png */; };
		84999B8C1DC00FEF000F2B98 /* number3.png in Resources */ = {isa = PBXBuildFile; fileRef = 84999B7D1DC00FEF000F2B98 /* number3.png */; };
		84999B8D1DC00FEF000F2B98 /* number4.png in Resources */ = {isa = PBXBuildFile; fileRef = 84999B7E1DC00FEF000F2B98 /* number4.png */; };
		84999B8E1DC00FEF000F2B98 /* number5.png in Resources */ = {isa = PBXBuildFile; fileRef = 84999B7F1DC00FEF000F2B98 /* number5.png */; };
		84999B8F1DC00FEF000F2B98 /* number6.png in Resources */ = {isa = PBXBuildFile; fileRef = 84999B801DC00FEF000F2B98 /* number6.png */; };
		84999B901DC00FEF000F2B98 /* number7.png in Resources */ = {isa = PBXBuildFile; fileRef = 84999B811DC00FEF000F2B98 /* number7.png */; };
		84999B911DC00FEF000F2B98 /* number8.png in Resources */ = {isa = PBXBuildFile; fileRef = 84999B821DC00FEF000F2B98 /* number8.png */; };
		84999B921DC00FEF000F2B98 /* number9.png in Resources */ = {isa = PBXBuildFile; fileRef = 84999B831DC00FEF000F2B98 /* number9.png */; };
		84999B931DC00FEF000F2B98 /* plate_white.png in Resources */ = {isa = PBXBuildFile; fileRef = 84999B841DC00FEF000F2B98 /* plate_white.png */; };
		84999B941DC00FEF000F2B98 /* plate.png in Resources */ = {isa = PBXBuildFile; fileRef = 84999B851DC00FEF000F2B98 /* plate.png */; };
		84999B951DC00FEF000F2B98 /* play_again.png in Resources */ = {isa = PBXBuildFile; fileRef = 84999B861DC00FEF000F2B98 /* play_again.png */; };
		84999B961DC00FEF000F2B98 /* star_kids.png in Resources */ = {isa = PBXBuildFile; fileRef = 84999B871DC00FEF000F2B98 /* star_kids.png */; };
		84999B971DC00FEF000F2B98 /* thumbs_up.png in Resources */ = {isa = PBXBuildFile; fileRef = 84999B881DC00FEF000F2B98 /* thumbs_up.png */; };
		84999B991DC01134000F2B98 /* DragView.swift in Sources */ = {isa = PBXBuildFile; fileRef = 84999B981DC01134000F2B98 /* DragView.swift */; };
		84B117201DCA84E600B37C16 /* Podfile in Resources */ = {isa = PBXBuildFile; fileRef = 84B1171F1DCA84E600B37C16 /* Podfile */; };
/* End PBXBuildFile section */

/* Begin PBXContainerItemProxy section */
		84597B2F1DBD489000ED3E00 /* PBXContainerItemProxy */ = {
			isa = PBXContainerItemProxy;
			containerPortal = 84597B121DBD488F00ED3E00 /* Project object */;
			proxyType = 1;
			remoteGlobalIDString = 84597B191DBD488F00ED3E00;
			remoteInfo = Esther_CalculatorApp;
		};
		84597B3A1DBD489000ED3E00 /* PBXContainerItemProxy */ = {
			isa = PBXContainerItemProxy;
			containerPortal = 84597B121DBD488F00ED3E00 /* Project object */;
			proxyType = 1;
			remoteGlobalIDString = 84597B191DBD488F00ED3E00;
			remoteInfo = Esther_CalculatorApp;
		};
/* End PBXContainerItemProxy section */

/* Begin PBXFileReference section */
		84597B1A1DBD488F00ED3E00 /* Esther_CalculatorApp.app */ = {isa = PBXFileReference; explicitFileType = wrapper.application; includeInIndex = 0; path = Esther_CalculatorApp.app; sourceTree = BUILT_PRODUCTS_DIR; };
		84597B1D1DBD488F00ED3E00 /* AppDelegate.swift */ = {isa = PBXFileReference; lastKnownFileType = sourcecode.swift; path = AppDelegate.swift; sourceTree = "<group>"; };
		84597B1F1DBD488F00ED3E00 /* ViewController.swift */ = {isa = PBXFileReference; lastKnownFileType = sourcecode.swift; path = ViewController.swift; sourceTree = "<group>"; };
		84597B221DBD488F00ED3E00 /* Base */ = {isa = PBXFileReference; lastKnownFileType = file.storyboard; name = Base; path = Base.lproj/Main.storyboard; sourceTree = "<group>"; };
		84597B241DBD489000ED3E00 /* Assets.xcassets */ = {isa = PBXFileReference; lastKnownFileType = folder.assetcatalog; path = Assets.xcassets; sourceTree = "<group>"; };
		84597B271DBD489000ED3E00 /* Base */ = {isa = PBXFileReference; lastKnownFileType = file.storyboard; name = Base; path = Base.lproj/LaunchScreen.storyboard; sourceTree = "<group>"; };
		84597B291DBD489000ED3E00 /* Info.plist */ = {isa = PBXFileReference; lastKnownFileType = text.plist.xml; path = Info.plist; sourceTree = "<group>"; };
		84597B2E1DBD489000ED3E00 /* Esther_CalculatorAppTests.xctest */ = {isa = PBXFileReference; explicitFileType = wrapper.cfbundle; includeInIndex = 0; path = Esther_CalculatorAppTests.xctest; sourceTree = BUILT_PRODUCTS_DIR; };
		84597B321DBD489000ED3E00 /* Esther_CalculatorAppTests.swift */ = {isa = PBXFileReference; lastKnownFileType = sourcecode.swift; path = Esther_CalculatorAppTests.swift; sourceTree = "<group>"; };
		84597B341DBD489000ED3E00 /* Info.plist */ = {isa = PBXFileReference; lastKnownFileType = text.plist.xml; path = Info.plist; sourceTree = "<group>"; };
		84597B391DBD489000ED3E00 /* Esther_CalculatorAppUITests.xctest */ = {isa = PBXFileReference; explicitFileType = wrapper.cfbundle; includeInIndex = 0; path = Esther_CalculatorAppUITests.xctest; sourceTree = BUILT_PRODUCTS_DIR; };
		84597B3D1DBD489000ED3E00 /* Esther_CalculatorAppUITests.swift */ = {isa = PBXFileReference; lastKnownFileType = sourcecode.swift; path = Esther_CalculatorAppUITests.swift; sourceTree = "<group>"; };
		84597B3F1DBD489000ED3E00 /* Info.plist */ = {isa = PBXFileReference; lastKnownFileType = text.plist.xml; path = Info.plist; sourceTree = "<group>"; };
		84999B781DC00FDB000F2B98 /* apple.png */ = {isa = PBXFileReference; lastKnownFileType = image.png; path = apple.png; sourceTree = "<group>"; };
		84999B7A1DC00FEF000F2B98 /* number0.png */ = {isa = PBXFileReference; lastKnownFileType = image.png; path = number0.png; sourceTree = "<group>"; };
		84999B7B1DC00FEF000F2B98 /* number1.png */ = {isa = PBXFileReference; lastKnownFileType = image.png; path = number1.png; sourceTree = "<group>"; };
		84999B7C1DC00FEF000F2B98 /* number2.png */ = {isa = PBXFileReference; lastKnownFileType = image.png; path = number2.png; sourceTree = "<group>"; };
		84999B7D1DC00FEF000F2B98 /* number3.png */ = {isa = PBXFileReference; lastKnownFileType = image.png; path = number3.png; sourceTree = "<group>"; };
		84999B7E1DC00FEF000F2B98 /* number4.png */ = {isa = PBXFileReference; lastKnownFileType = image.png; path = number4.png; sourceTree = "<group>"; };
		84999B7F1DC00FEF000F2B98 /* number5.png */ = {isa = PBXFileReference; lastKnownFileType = image.png; path = number5.png; sourceTree = "<group>"; };
		84999B801DC00FEF000F2B98 /* number6.png */ = {isa = PBXFileReference; lastKnownFileType = image.png; path = number6.png; sourceTree = "<group>"; };
		84999B811DC00FEF000F2B98 /* number7.png */ = {isa = PBXFileReference; lastKnownFileType = image.png; path = number7.png; sourceTree = "<group>"; };
		84999B821DC00FEF000F2B98 /* number8.png */ = {isa = PBXFileReference; lastKnownFileType = image.png; path = number8.png; sourceTree = "<group>"; };
		84999B831DC00FEF000F2B98 /* number9.png */ = {isa = PBXFileReference; lastKnownFileType = image.png; path = number9.png; sourceTree = "<group>"; };
		84999B841DC00FEF000F2B98 /* plate_white.png */ = {isa = PBXFileReference; lastKnownFileType = image.png; path = plate_white.png; sourceTree = "<group>"; };
		84999B851DC00FEF000F2B98 /* plate.png */ = {isa = PBXFileReference; lastKnownFileType = image.png; path = plate.png; sourceTree = "<group>"; };
		84999B861DC00FEF000F2B98 /* play_again.png */ = {isa = PBXFileReference; lastKnownFileType = image.png; path = play_again.png; sourceTree = "<group>"; };
		84999B871DC00FEF000F2B98 /* star_kids.png */ = {isa = PBXFileReference; lastKnownFileType = image.png; path = star_kids.png; sourceTree = "<group>"; };
		84999B881DC00FEF000F2B98 /* thumbs_up.png */ = {isa = PBXFileReference; lastKnownFileType = image.png; path = thumbs_up.png; sourceTree = "<group>"; };
		84999B981DC01134000F2B98 /* DragView.swift */ = {isa = PBXFileReference; fileEncoding = 4; lastKnownFileType = sourcecode.swift; path = DragView.swift; sourceTree = "<group>"; };
		84B1171F1DCA84E600B37C16 /* Podfile */ = {isa = PBXFileReference; fileEncoding = 4; lastKnownFileType = text; path = Podfile; sourceTree = SOURCE_ROOT; };
/* End PBXFileReference section */

/* Begin PBXFrameworksBuildPhase section */
		84597B171DBD488F00ED3E00 /* Frameworks */ = {
			isa = PBXFrameworksBuildPhase;
			buildActionMask = 2147483647;
			files = (
			);
			runOnlyForDeploymentPostprocessing = 0;
		};
		84597B2B1DBD489000ED3E00 /* Frameworks */ = {
			isa = PBXFrameworksBuildPhase;
			buildActionMask = 2147483647;
			files = (
			);
			runOnlyForDeploymentPostprocessing = 0;
		};
		84597B361DBD489000ED3E00 /* Frameworks */ = {
			isa = PBXFrameworksBuildPhase;
			buildActionMask = 2147483647;
			files = (
			);
			runOnlyForDeploymentPostprocessing = 0;
		};
/* End PBXFrameworksBuildPhase section */

/* Begin PBXGroup section */
		84597B111DBD488F00ED3E00 = {
			isa = PBXGroup;
			children = (
				84597B1C1DBD488F00ED3E00 /* Esther_CalculatorApp */,
				84597B311DBD489000ED3E00 /* Esther_CalculatorAppTests */,
				84597B3C1DBD489000ED3E00 /* Esther_CalculatorAppUITests */,
				84597B1B1DBD488F00ED3E00 /* Products */,
			);
			sourceTree = "<group>";
		};
		84597B1B1DBD488F00ED3E00 /* Products */ = {
			isa = PBXGroup;
			children = (
				84597B1A1DBD488F00ED3E00 /* Esther_CalculatorApp.app */,
				84597B2E1DBD489000ED3E00 /* Esther_CalculatorAppTests.xctest */,
				84597B391DBD489000ED3E00 /* Esther_CalculatorAppUITests.xctest */,
			);
			name = Products;
			sourceTree = "<group>";
		};
		84597B1C1DBD488F00ED3E00 /* Esther_CalculatorApp */ = {
			isa = PBXGroup;
			children = (
				84597B1D1DBD488F00ED3E00 /* AppDelegate.swift */,
				84597B1F1DBD488F00ED3E00 /* ViewController.swift */,
				84999B981DC01134000F2B98 /* DragView.swift */,
				84597B211DBD488F00ED3E00 /* Main.storyboard */,
				84B1171F1DCA84E600B37C16 /* Podfile */,
				84597B241DBD489000ED3E00 /* Assets.xcassets */,
				84999B7A1DC00FEF000F2B98 /* number0.png */,
				84999B7B1DC00FEF000F2B98 /* number1.png */,
				84999B7C1DC00FEF000F2B98 /* number2.png */,
				84999B7D1DC00FEF000F2B98 /* number3.png */,
				84999B7E1DC00FEF000F2B98 /* number4.png */,
				84999B7F1DC00FEF000F2B98 /* number5.png */,
				84999B801DC00FEF000F2B98 /* number6.png */,
				84999B811DC00FEF000F2B98 /* number7.png */,
				84999B821DC00FEF000F2B98 /* number8.png */,
				84999B831DC00FEF000F2B98 /* number9.png */,
				84999B841DC00FEF000F2B98 /* plate_white.png */,
				84999B851DC00FEF000F2B98 /* plate.png */,
				84999B861DC00FEF000F2B98 /* play_again.png */,
				84999B871DC00FEF000F2B98 /* star_kids.png */,
				84999B881DC00FEF000F2B98 /* thumbs_up.png */,
				84999B781DC00FDB000F2B98 /* apple.png */,
				84597B261DBD489000ED3E00 /* LaunchScreen.storyboard */,
				84597B291DBD489000ED3E00 /* Info.plist */,
			);
			path = Esther_CalculatorApp;
			sourceTree = "<group>";
		};
		84597B311DBD489000ED3E00 /* Esther_CalculatorAppTests */ = {
			isa = PBXGroup;
			children = (
				84597B321DBD489000ED3E00 /* Esther_CalculatorAppTests.swift */,
				84597B341DBD489000ED3E00 /* Info.plist */,
			);
			path = Esther_CalculatorAppTests;
			sourceTree = "<group>";
		};
		84597B3C1DBD489000ED3E00 /* Esther_CalculatorAppUITests */ = {
			isa = PBXGroup;
			children = (
				84597B3D1DBD489000ED3E00 /* Esther_CalculatorAppUITests.swift */,
				84597B3F1DBD489000ED3E00 /* Info.plist */,
			);
			path = Esther_CalculatorAppUITests;
			sourceTree = "<group>";
		};
/* End PBXGroup section */

/* Begin PBXNativeTarget section */
		84597B191DBD488F00ED3E00 /* Esther_CalculatorApp */ = {
			isa = PBXNativeTarget;
			buildConfigurationList = 84597B421DBD489000ED3E00 /* Build configuration list for PBXNativeTarget "Esther_CalculatorApp" */;
			buildPhases = (
				84597B161DBD488F00ED3E00 /* Sources */,
				84597B171DBD488F00ED3E00 /* Frameworks */,
				84597B181DBD488F00ED3E00 /* Resources */,
			);
			buildRules = (
			);
			dependencies = (
			);
			name = Esther_CalculatorApp;
			productName = Esther_CalculatorApp;
			productReference = 84597B1A1DBD488F00ED3E00 /* Esther_CalculatorApp.app */;
			productType = "com.apple.product-type.application";
		};
		84597B2D1DBD489000ED3E00 /* Esther_CalculatorAppTests */ = {
			isa = PBXNativeTarget;
			buildConfigurationList = 84597B451DBD489000ED3E00 /* Build configuration list for PBXNativeTarget "Esther_CalculatorAppTests" */;
			buildPhases = (
				84597B2A1DBD489000ED3E00 /* Sources */,
				84597B2B1DBD489000ED3E00 /* Frameworks */,
				84597B2C1DBD489000ED3E00 /* Resources */,
			);
			buildRules = (
			);
			dependencies = (
				84597B301DBD489000ED3E00 /* PBXTargetDependency */,
			);
			name = Esther_CalculatorAppTests;
			productName = Esther_CalculatorAppTests;
			productReference = 84597B2E1DBD489000ED3E00 /* Esther_CalculatorAppTests.xctest */;
			productType = "com.apple.product-type.bundle.unit-test";
		};
		84597B381DBD489000ED3E00 /* Esther_CalculatorAppUITests */ = {
			isa = PBXNativeTarget;
			buildConfigurationList = 84597B481DBD489000ED3E00 /* Build configuration list for PBXNativeTarget "Esther_CalculatorAppUITests" */;
			buildPhases = (
				84597B351DBD489000ED3E00 /* Sources */,
				84597B361DBD489000ED3E00 /* Frameworks */,
				84597B371DBD489000ED3E00 /* Resources */,
			);
			buildRules = (
			);
			dependencies = (
				84597B3B1DBD489000ED3E00 /* PBXTargetDependency */,
			);
			name = Esther_CalculatorAppUITests;
			productName = Esther_CalculatorAppUITests;
			productReference = 84597B391DBD489000ED3E00 /* Esther_CalculatorAppUITests.xctest */;
			productType = "com.apple.product-type.bundle.ui-testing";
		};
/* End PBXNativeTarget section */

/* Begin PBXProject section */
		84597B121DBD488F00ED3E00 /* Project object */ = {
			isa = PBXProject;
			attributes = {
				LastSwiftUpdateCheck = 0800;
				LastUpgradeCheck = 0800;
				ORGANIZATIONNAME = "Esther King";
				TargetAttributes = {
					84597B191DBD488F00ED3E00 = {
						CreatedOnToolsVersion = 8.0;
						DevelopmentTeam = BV56ZN48NP;
						ProvisioningStyle = Automatic;
					};
					84597B2D1DBD489000ED3E00 = {
						CreatedOnToolsVersion = 8.0;
						ProvisioningStyle = Automatic;
						TestTargetID = 84597B191DBD488F00ED3E00;
					};
					84597B381DBD489000ED3E00 = {
						CreatedOnToolsVersion = 8.0;
						ProvisioningStyle = Automatic;
						TestTargetID = 84597B191DBD488F00ED3E00;
					};
				};
			};
			buildConfigurationList = 84597B151DBD488F00ED3E00 /* Build configuration list for PBXProject "Esther_CalculatorApp" */;
			compatibilityVersion = "Xcode 3.2";
			developmentRegion = English;
			hasScannedForEncodings = 0;
			knownRegions = (
				en,
				Base,
			);
			mainGroup = 84597B111DBD488F00ED3E00;
			productRefGroup = 84597B1B1DBD488F00ED3E00 /* Products */;
			projectDirPath = "";
			projectRoot = "";
			targets = (
				84597B191DBD488F00ED3E00 /* Esther_CalculatorApp */,
				84597B2D1DBD489000ED3E00 /* Esther_CalculatorAppTests */,
				84597B381DBD489000ED3E00 /* Esther_CalculatorAppUITests */,
			);
		};
/* End PBXProject section */

/* Begin PBXResourcesBuildPhase section */
		84597B181DBD488F00ED3E00 /* Resources */ = {
			isa = PBXResourcesBuildPhase;
			buildActionMask = 2147483647;
			files = (
				84597B281DBD489000ED3E00 /* LaunchScreen.storyboard in Resources */,
				84999B911DC00FEF000F2B98 /* number8.png in Resources */,
				84999B941DC00FEF000F2B98 /* plate.png in Resources */,
				84597B251DBD489000ED3E00 /* Assets.xcassets in Resources */,
				84999B901DC00FEF000F2B98 /* number7.png in Resources */,
				84999B8E1DC00FEF000F2B98 /* number5.png in Resources */,
				84999B8C1DC00FEF000F2B98 /* number3.png in Resources */,
				84999B931DC00FEF000F2B98 /* plate_white.png in Resources */,
				84999B8A1DC00FEF000F2B98 /* number1.png in Resources */,
				84999B891DC00FEF000F2B98 /* number0.png in Resources */,
				84B117201DCA84E600B37C16 /* Podfile in Resources */,
				84999B8D1DC00FEF000F2B98 /* number4.png in Resources */,
				84999B791DC00FDB000F2B98 /* apple.png in Resources */,
				84999B8B1DC00FEF000F2B98 /* number2.png in Resources */,
				84597B231DBD488F00ED3E00 /* Main.storyboard in Resources */,
				84999B921DC00FEF000F2B98 /* number9.png in Resources */,
				84999B971DC00FEF000F2B98 /* thumbs_up.png in Resources */,
				84999B8F1DC00FEF000F2B98 /* number6.png in Resources */,
				84999B961DC00FEF000F2B98 /* star_kids.png in Resources */,
				84999B951DC00FEF000F2B98 /* play_again.png in Resources */,
			);
			runOnlyForDeploymentPostprocessing = 0;
		};
		84597B2C1DBD489000ED3E00 /* Resources */ = {
			isa = PBXResourcesBuildPhase;
			buildActionMask = 2147483647;
			files = (
			);
			runOnlyForDeploymentPostprocessing = 0;
		};
		84597B371DBD489000ED3E00 /* Resources */ = {
			isa = PBXResourcesBuildPhase;
			buildActionMask = 2147483647;
			files = (
			);
			runOnlyForDeploymentPostprocessing = 0;
		};
/* End PBXResourcesBuildPhase section */

/* Begin PBXSourcesBuildPhase section */
		84597B161DBD488F00ED3E00 /* Sources */ = {
			isa = PBXSourcesBuildPhase;
			buildActionMask = 2147483647;
			files = (
				84597B201DBD488F00ED3E00 /* ViewController.swift in Sources */,
				84597B1E1DBD488F00ED3E00 /* AppDelegate.swift in Sources */,
				84999B991DC01134000F2B98 /* DragView.swift in Sources */,
			);
			runOnlyForDeploymentPostprocessing = 0;
		};
		84597B2A1DBD489000ED3E00 /* Sources */ = {
			isa = PBXSourcesBuildPhase;
			buildActionMask = 2147483647;
			files = (
				84597B331DBD489000ED3E00 /* Esther_CalculatorAppTests.swift in Sources */,
			);
			runOnlyForDeploymentPostprocessing = 0;
		};
		84597B351DBD489000ED3E00 /* Sources */ = {
			isa = PBXSourcesBuildPhase;
			buildActionMask = 2147483647;
			files = (
				84597B3E1DBD489000ED3E00 /* Esther_CalculatorAppUITests.swift in Sources */,
			);
			runOnlyForDeploymentPostprocessing = 0;
		};
/* End PBXSourcesBuildPhase section */

/* Begin PBXTargetDependency section */
		84597B301DBD489000ED3E00 /* PBXTargetDependency */ = {
			isa = PBXTargetDependency;
			target = 84597B191DBD488F00ED3E00 /* Esther_CalculatorApp */;
			targetProxy = 84597B2F1DBD489000ED3E00 /* PBXContainerItemProxy */;
		};
		84597B3B1DBD489000ED3E00 /* PBXTargetDependency */ = {
			isa = PBXTargetDependency;
			target = 84597B191DBD488F00ED3E00 /* Esther_CalculatorApp */;
			targetProxy = 84597B3A1DBD489000ED3E00 /* PBXContainerItemProxy */;
		};
/* End PBXTargetDependency section */

/* Begin PBXVariantGroup section */
		84597B211DBD488F00ED3E00 /* Main.storyboard */ = {
			isa = PBXVariantGroup;
			children = (
				84597B221DBD488F00ED3E00 /* Base */,
			);
			name = Main.storyboard;
			sourceTree = "<group>";
		};
		84597B261DBD489000ED3E00 /* LaunchScreen.storyboard */ = {
			isa = PBXVariantGroup;
			children = (
				84597B271DBD489000ED3E00 /* Base */,
			);
			name = LaunchScreen.storyboard;
			sourceTree = "<group>";
		};
/* End PBXVariantGroup section */

/* Begin XCBuildConfiguration section */
		84597B401DBD489000ED3E00 /* Debug */ = {
			isa = XCBuildConfiguration;
			buildSettings = {
				ALWAYS_SEARCH_USER_PATHS = NO;
				CLANG_ANALYZER_NONNULL = YES;
				CLANG_CXX_LANGUAGE_STANDARD = "gnu++0x";
				CLANG_CXX_LIBRARY = "libc++";
				CLANG_ENABLE_MODULES = YES;
				CLANG_ENABLE_OBJC_ARC = YES;
				CLANG_WARN_BOOL_CONVERSION = YES;
				CLANG_WARN_CONSTANT_CONVERSION = YES;
				CLANG_WARN_DIRECT_OBJC_ISA_USAGE = YES_ERROR;
				CLANG_WARN_DOCUMENTATION_COMMENTS = YES;
				CLANG_WARN_EMPTY_BODY = YES;
				CLANG_WARN_ENUM_CONVERSION = YES;
				CLANG_WARN_INFINITE_RECURSION = YES;
				CLANG_WARN_INT_CONVERSION = YES;
				CLANG_WARN_OBJC_ROOT_CLASS = YES_ERROR;
				CLANG_WARN_SUSPICIOUS_MOVES = YES;
				CLANG_WARN_UNREACHABLE_CODE = YES;
				CLANG_WARN__DUPLICATE_METHOD_MATCH = YES;
				"CODE_SIGN_IDENTITY[sdk=iphoneos*]" = "iPhone Developer";
				COPY_PHASE_STRIP = NO;
				DEBUG_INFORMATION_FORMAT = dwarf;
				ENABLE_STRICT_OBJC_MSGSEND = YES;
				ENABLE_TESTABILITY = YES;
				GCC_C_LANGUAGE_STANDARD = gnu99;
				GCC_DYNAMIC_NO_PIC = NO;
				GCC_NO_COMMON_BLOCKS = YES;
				GCC_OPTIMIZATION_LEVEL = 0;
				GCC_PREPROCESSOR_DEFINITIONS = (
					"DEBUG=1",
					"$(inherited)",
				);
				GCC_WARN_64_TO_32_BIT_CONVERSION = YES;
				GCC_WARN_ABOUT_RETURN_TYPE = YES_ERROR;
				GCC_WARN_UNDECLARED_SELECTOR = YES;
				GCC_WARN_UNINITIALIZED_AUTOS = YES_AGGRESSIVE;
				GCC_WARN_UNUSED_FUNCTION = YES;
				GCC_WARN_UNUSED_VARIABLE = YES;
				IPHONEOS_DEPLOYMENT_TARGET = 10.0;
				MTL_ENABLE_DEBUG_INFO = YES;
				ONLY_ACTIVE_ARCH = YES;
				SDKROOT = iphoneos;
				SWIFT_ACTIVE_COMPILATION_CONDITIONS = DEBUG;
				SWIFT_OPTIMIZATION_LEVEL = "-Onone";
			};
			name = Debug;
		};
		84597B411DBD489000ED3E00 /* Release */ = {
			isa = XCBuildConfiguration;
			buildSettings = {
				ALWAYS_SEARCH_USER_PATHS = NO;
				CLANG_ANALYZER_NONNULL = YES;
				CLANG_CXX_LANGUAGE_STANDARD = "gnu++0x";
				CLANG_CXX_LIBRARY = "libc++";
				CLANG_ENABLE_MODULES = YES;
				CLANG_ENABLE_OBJC_ARC = YES;
				CLANG_WARN_BOOL_CONVERSION = YES;
				CLANG_WARN_CONSTANT_CONVERSION = YES;
				CLANG_WARN_DIRECT_OBJC_ISA_USAGE = YES_ERROR;
				CLANG_WARN_DOCUMENTATION_COMMENTS = YES;
				CLANG_WARN_EMPTY_BODY = YES;
				CLANG_WARN_ENUM_CONVERSION = YES;
				CLANG_WARN_INFINITE_RECURSION = YES;
				CLANG_WARN_INT_CONVERSION = YES;
				CLANG_WARN_OBJC_ROOT_CLASS = YES_ERROR;
				CLANG_WARN_SUSPICIOUS_MOVES = YES;
				CLANG_WARN_UNREACHABLE_CODE = YES;
				CLANG_WARN__DUPLICATE_METHOD_MATCH = YES;
				"CODE_SIGN_IDENTITY[sdk=iphoneos*]" = "iPhone Developer";
				COPY_PHASE_STRIP = NO;
				DEBUG_INFORMATION_FORMAT = "dwarf-with-dsym";
				ENABLE_NS_ASSERTIONS = NO;
				ENABLE_STRICT_OBJC_MSGSEND = YES;
				GCC_C_LANGUAGE_STANDARD = gnu99;
				GCC_NO_COMMON_BLOCKS = YES;
				GCC_WARN_64_TO_32_BIT_CONVERSION = YES;
				GCC_WARN_ABOUT_RETURN_TYPE = YES_ERROR;
				GCC_WARN_UNDECLARED_SELECTOR = YES;
				GCC_WARN_UNINITIALIZED_AUTOS = YES_AGGRESSIVE;
				GCC_WARN_UNUSED_FUNCTION = YES;
				GCC_WARN_UNUSED_VARIABLE = YES;
				IPHONEOS_DEPLOYMENT_TARGET = 10.0;
				MTL_ENABLE_DEBUG_INFO = NO;
				SDKROOT = iphoneos;
				SWIFT_OPTIMIZATION_LEVEL = "-Owholemodule";
				VALIDATE_PRODUCT = YES;
			};
			name = Release;
		};
		84597B431DBD489000ED3E00 /* Debug */ = {
			isa = XCBuildConfiguration;
			buildSettings = {
				ASSETCATALOG_COMPILER_APPICON_NAME = AppIcon;
				DEVELOPMENT_TEAM = BV56ZN48NP;
				INFOPLIST_FILE = Esther_CalculatorApp/Info.plist;
				IPHONEOS_DEPLOYMENT_TARGET = 9.3;
				LD_RUNPATH_SEARCH_PATHS = "$(inherited) @executable_path/Frameworks";
				PRODUCT_BUNDLE_IDENTIFIER = "Queen.Esther-CalculatorApp";
				PRODUCT_NAME = "$(TARGET_NAME)";
				SWIFT_VERSION = 3.0;
				TARGETED_DEVICE_FAMILY = "1,2";
			};
			name = Debug;
		};
		84597B441DBD489000ED3E00 /* Release */ = {
			isa = XCBuildConfiguration;
			buildSettings = {
				ASSETCATALOG_COMPILER_APPICON_NAME = AppIcon;
				DEVELOPMENT_TEAM = BV56ZN48NP;
				INFOPLIST_FILE = Esther_CalculatorApp/Info.plist;
				IPHONEOS_DEPLOYMENT_TARGET = 9.3;
				LD_RUNPATH_SEARCH_PATHS = "$(inherited) @executable_path/Frameworks";
				PRODUCT_BUNDLE_IDENTIFIER = "Queen.Esther-CalculatorApp";
				PRODUCT_NAME = "$(TARGET_NAME)";
				SWIFT_VERSION = 3.0;
				TARGETED_DEVICE_FAMILY = "1,2";
			};
			name = Release;
		};
		84597B461DBD489000ED3E00 /* Debug */ = {
			isa = XCBuildConfiguration;
			buildSettings = {
				ALWAYS_EMBED_SWIFT_STANDARD_LIBRARIES = YES;
				BUNDLE_LOADER = "$(TEST_HOST)";
				INFOPLIST_FILE = Esther_CalculatorAppTests/Info.plist;
				LD_RUNPATH_SEARCH_PATHS = "$(inherited) @executable_path/Frameworks @loader_path/Frameworks";
				PRODUCT_BUNDLE_IDENTIFIER = "Queen.Esther-CalculatorAppTests";
				PRODUCT_NAME = "$(TARGET_NAME)";
				SWIFT_VERSION = 3.0;
				TEST_HOST = "$(BUILT_PRODUCTS_DIR)/Esther_CalculatorApp.app/Esther_CalculatorApp";
			};
			name = Debug;
		};
		84597B471DBD489000ED3E00 /* Release */ = {
			isa = XCBuildConfiguration;
			buildSettings = {
				ALWAYS_EMBED_SWIFT_STANDARD_LIBRARIES = YES;
				BUNDLE_LOADER = "$(TEST_HOST)";
				INFOPLIST_FILE = Esther_CalculatorAppTests/Info.plist;
				LD_RUNPATH_SEARCH_PATHS = "$(inherited) @executable_path/Frameworks @loader_path/Frameworks";
				PRODUCT_BUNDLE_IDENTIFIER = "Queen.Esther-CalculatorAppTests";
				PRODUCT_NAME = "$(TARGET_NAME)";
				SWIFT_VERSION = 3.0;
				TEST_HOST = "$(BUILT_PRODUCTS_DIR)/Esther_CalculatorApp.app/Esther_CalculatorApp";
			};
			name = Release;
		};
		84597B491DBD489000ED3E00 /* Debug */ = {
			isa = XCBuildConfiguration;
			buildSettings = {
				ALWAYS_EMBED_SWIFT_STANDARD_LIBRARIES = YES;
				INFOPLIST_FILE = Esther_CalculatorAppUITests/Info.plist;
				LD_RUNPATH_SEARCH_PATHS = "$(inherited) @executable_path/Frameworks @loader_path/Frameworks";
				PRODUCT_BUNDLE_IDENTIFIER = "Queen.Esther-CalculatorAppUITests";
				PRODUCT_NAME = "$(TARGET_NAME)";
				SWIFT_VERSION = 3.0;
				TEST_TARGET_NAME = Esther_CalculatorApp;
			};
			name = Debug;
		};
		84597B4A1DBD489000ED3E00 /* Release */ = {
			isa = XCBuildConfiguration;
			buildSettings = {
				ALWAYS_EMBED_SWIFT_STANDARD_LIBRARIES = YES;
				INFOPLIST_FILE = Esther_CalculatorAppUITests/Info.plist;
				LD_RUNPATH_SEARCH_PATHS = "$(inherited) @executable_path/Frameworks @loader_path/Frameworks";
				PRODUCT_BUNDLE_IDENTIFIER = "Queen.Esther-CalculatorAppUITests";
				PRODUCT_NAME = "$(TARGET_NAME)";
				SWIFT_VERSION = 3.0;
				TEST_TARGET_NAME = Esther_CalculatorApp;
			};
			name = Release;
		};
/* End XCBuildConfiguration section */

/* Begin XCConfigurationList section */
		84597B151DBD488F00ED3E00 /* Build configuration list for PBXProject "Esther_CalculatorApp" */ = {
			isa = XCConfigurationList;
			buildConfigurations = (
				84597B401DBD489000ED3E00 /* Debug */,
				84597B411DBD489000ED3E00 /* Release */,
			);
			defaultConfigurationIsVisible = 0;
			defaultConfigurationName = Release;
		};
		84597B421DBD489000ED3E00 /* Build configuration list for PBXNativeTarget "Esther_CalculatorApp" */ = {
			isa = XCConfigurationList;
			buildConfigurations = (
				84597B431DBD489000ED3E00 /* Debug */,
				84597B441DBD489000ED3E00 /* Release */,
			);
			defaultConfigurationIsVisible = 0;
			defaultConfigurationName = Release;
		};
		84597B451DBD489000ED3E00 /* Build configuration list for PBXNativeTarget "Esther_CalculatorAppTests" */ = {
			isa = XCConfigurationList;
			buildConfigurations = (
				84597B461DBD489000ED3E00 /* Debug */,
				84597B471DBD489000ED3E00 /* Release */,
			);
			defaultConfigurationIsVisible = 0;
			defaultConfigurationName = Release;
		};
		84597B481DBD489000ED3E00 /* Build configuration list for PBXNativeTarget "Esther_CalculatorAppUITests" */ = {
			isa = XCConfigurationList;
			buildConfigurations = (
				84597B491DBD489000ED3E00 /* Debug */,
				84597B4A1DBD489000ED3E00 /* Release */,
			);
			defaultConfigurationIsVisible = 0;
			defaultConfigurationName = Release;
		};
/* End XCConfigurationList section */
	};
	rootObject = 84597B121DBD488F00ED3E00 /* Project object */;
}
